
Microsoft Visual Studio Solution File, Format Version 12.00
# Visual Studio Version 17
VisualStudioVersion = 17.5.33516.290
MinimumVisualStudioVersion = 10.0.40219.1
Project("{FAE04EC0-301F-11D3-BF4B-00C04F79EFBC}") = "ConsoleApp98TirgulHanuka23ForTest", "ConsoleApp98TirgulHanuka23ForTest\ConsoleApp98TirgulHanuka23ForTest.csproj", "{094902C2-4D7D-4616-A007-B3462C3C292B}"
EndProject
Global
	GlobalSection(SolutionConfigurationPlatforms) = preSolution
		Debug|Any CPU = Debug|Any CPU
		Release|Any CPU = Release|Any CPU
	EndGlobalSection
	GlobalSection(ProjectConfigurationPlatforms) = postSolution
		{094902C2-4D7D-4616-A007-B3462C3C292B}.Debug|Any CPU.ActiveCfg = Debug|Any CPU
		{094902C2-4D7D-4616-A007-B3462C3C292B}.Debug|Any CPU.Build.0 = Debug|Any CPU
		{094902C2-4D7D-4616-A007-B3462C3C292B}.Release|Any CPU.ActiveCfg = Release|Any CPU
		{094902C2-4D7D-4616-A007-B3462C3C292B}.Release|Any CPU.Build.0 = Release|Any CPU
	EndGlobalSection
	GlobalSection(SolutionProperties) = preSolution
		HideSolutionNode = FALSE
	EndGlobalSection
	GlobalSection(ExtensibilityGlobals) = postSolution
		SolutionGuid = {F5DBBB3E-F96B-4C26-96D1-7EDC75DA52A1}
	EndGlobalSection
EndGlobal
